
Microsoft Visual Studio Solution File, Format Version 12.00
# Visual Studio Version 17
VisualStudioVersion = 17.0.31903.59
MinimumVisualStudioVersion = 10.0.40219.1
Project("{2150E333-8FDC-42A3-9474-1A3956D46DE8}") = "src", "src", "{2242D3D9-0161-4FD2-8F58-FEE090A5A7E0}"
EndProject
Project("{FAE04EC0-301F-11D3-BF4B-00C04F79EFBC}") = "AoC.Y2017", "src\AoC.Y2017\AoC.Y2017.csproj", "{F7746F2B-1C74-415E-8A67-CFF9330AD3B8}"
EndProject
Project("{FAE04EC0-301F-11D3-BF4B-00C04F79EFBC}") = "AoC.Y2018", "src\AoC.Y2018\AoC.Y2018.csproj", "{D72A36E9-C8B1-4D8F-8F6B-6992D38B5133}"
EndProject
Project("{FAE04EC0-301F-11D3-BF4B-00C04F79EFBC}") = "AoC.Y2021", "src\AoC.Y2021\AoC.Y2021.csproj", "{BBA67C35-C722-49EF-91AA-748A8980CFC5}"
EndProject
Project("{FAE04EC0-301F-11D3-BF4B-00C04F79EFBC}") = "AoC.Y2022", "src\AoC.Y2022\AoC.Y2022.csproj", "{3FDCF109-9B9B-453D-AC8E-7C959789058A}"
EndProject
Project("{FAE04EC0-301F-11D3-BF4B-00C04F79EFBC}") = "AoC", "src\AoC\AoC.csproj", "{A6B04763-6980-496E-B22C-221F16655D60}"
EndProject
Global
	GlobalSection(SolutionConfigurationPlatforms) = preSolution
		Debug|Any CPU = Debug|Any CPU
		Release|Any CPU = Release|Any CPU
	EndGlobalSection
	GlobalSection(SolutionProperties) = preSolution
		HideSolutionNode = FALSE
	EndGlobalSection
	GlobalSection(ProjectConfigurationPlatforms) = postSolution
		{F7746F2B-1C74-415E-8A67-CFF9330AD3B8}.Debug|Any CPU.ActiveCfg = Debug|Any CPU
		{F7746F2B-1C74-415E-8A67-CFF9330AD3B8}.Debug|Any CPU.Build.0 = Debug|Any CPU
		{F7746F2B-1C74-415E-8A67-CFF9330AD3B8}.Release|Any CPU.ActiveCfg = Release|Any CPU
		{F7746F2B-1C74-415E-8A67-CFF9330AD3B8}.Release|Any CPU.Build.0 = Release|Any CPU
		{D72A36E9-C8B1-4D8F-8F6B-6992D38B5133}.Debug|Any CPU.ActiveCfg = Debug|Any CPU
		{D72A36E9-C8B1-4D8F-8F6B-6992D38B5133}.Debug|Any CPU.Build.0 = Debug|Any CPU
		{D72A36E9-C8B1-4D8F-8F6B-6992D38B5133}.Release|Any CPU.ActiveCfg = Release|Any CPU
		{D72A36E9-C8B1-4D8F-8F6B-6992D38B5133}.Release|Any CPU.Build.0 = Release|Any CPU
		{BBA67C35-C722-49EF-91AA-748A8980CFC5}.Debug|Any CPU.ActiveCfg = Debug|Any CPU
		{BBA67C35-C722-49EF-91AA-748A8980CFC5}.Debug|Any CPU.Build.0 = Debug|Any CPU
		{BBA67C35-C722-49EF-91AA-748A8980CFC5}.Release|Any CPU.ActiveCfg = Release|Any CPU
		{BBA67C35-C722-49EF-91AA-748A8980CFC5}.Release|Any CPU.Build.0 = Release|Any CPU
		{3FDCF109-9B9B-453D-AC8E-7C959789058A}.Debug|Any CPU.ActiveCfg = Debug|Any CPU
		{3FDCF109-9B9B-453D-AC8E-7C959789058A}.Debug|Any CPU.Build.0 = Debug|Any CPU
		{3FDCF109-9B9B-453D-AC8E-7C959789058A}.Release|Any CPU.ActiveCfg = Release|Any CPU
		{3FDCF109-9B9B-453D-AC8E-7C959789058A}.Release|Any CPU.Build.0 = Release|Any CPU
		{A6B04763-6980-496E-B22C-221F16655D60}.Debug|Any CPU.ActiveCfg = Debug|Any CPU
		{A6B04763-6980-496E-B22C-221F16655D60}.Debug|Any CPU.Build.0 = Debug|Any CPU
		{A6B04763-6980-496E-B22C-221F16655D60}.Release|Any CPU.ActiveCfg = Release|Any CPU
		{A6B04763-6980-496E-B22C-221F16655D60}.Release|Any CPU.Build.0 = Release|Any CPU
	EndGlobalSection
	GlobalSection(NestedProjects) = preSolution
		{F7746F2B-1C74-415E-8A67-CFF9330AD3B8} = {2242D3D9-0161-4FD2-8F58-FEE090A5A7E0}
		{D72A36E9-C8B1-4D8F-8F6B-6992D38B5133} = {2242D3D9-0161-4FD2-8F58-FEE090A5A7E0}
		{BBA67C35-C722-49EF-91AA-748A8980CFC5} = {2242D3D9-0161-4FD2-8F58-FEE090A5A7E0}
		{3FDCF109-9B9B-453D-AC8E-7C959789058A} = {2242D3D9-0161-4FD2-8F58-FEE090A5A7E0}
		{A6B04763-6980-496E-B22C-221F16655D60} = {2242D3D9-0161-4FD2-8F58-FEE090A5A7E0}
	EndGlobalSection
EndGlobal
