
Microsoft Visual Studio Solution File, Format Version 12.00
# Visual Studio Version 17
VisualStudioVersion = 17.0.31903.59
MinimumVisualStudioVersion = 10.0.40219.1
Project("{2150E333-8FDC-42A3-9474-1A3956D46DE8}") = "src", "src", "{C235E04F-5DA6-471E-AA9D-A3395992DCB8}"
EndProject
Project("{FAE04EC0-301F-11D3-BF4B-00C04F79EFBC}") = "AoC.Y2017", "src\AoC.Y2017\AoC.Y2017.csproj", "{866FCB1C-BA11-4538-BC66-523CA474EB3E}"
EndProject
Project("{FAE04EC0-301F-11D3-BF4B-00C04F79EFBC}") = "AoC.Y2018", "src\AoC.Y2018\AoC.Y2018.csproj", "{41A6ABDF-F2BC-4837-8B65-0354C2E8FAA9}"
EndProject
Project("{FAE04EC0-301F-11D3-BF4B-00C04F79EFBC}") = "AoC.Y2021", "src\AoC.Y2021\AoC.Y2021.csproj", "{2166446F-6A85-4E07-BD66-7FD8045D095F}"
EndProject
Project("{FAE04EC0-301F-11D3-BF4B-00C04F79EFBC}") = "AoC.Y2022", "src\AoC.Y2022\AoC.Y2022.csproj", "{6D8B7B55-019B-495C-832C-5E41B96C09D4}"
EndProject
Project("{FAE04EC0-301F-11D3-BF4B-00C04F79EFBC}") = "AoC.Y2023", "src\AoC.Y2023\AoC.Y2023.csproj", "{84687DB4-F6A6-465F-94E5-874B3FA65613}"
EndProject
Project("{FAE04EC0-301F-11D3-BF4B-00C04F79EFBC}") = "AoC.Y2024", "src\AoC.Y2024\AoC.Y2024.csproj", "{8CD5BFD4-9599-4966-AA38-14626B96A249}"
EndProject
Project("{FAE04EC0-301F-11D3-BF4B-00C04F79EFBC}") = "AoC", "src\AoC\AoC.csproj", "{CD706928-5AB6-40CB-A88A-DB6A0DC8600F}"
EndProject
Global
	GlobalSection(SolutionConfigurationPlatforms) = preSolution
		Debug|Any CPU = Debug|Any CPU
		Release|Any CPU = Release|Any CPU
	EndGlobalSection
	GlobalSection(SolutionProperties) = preSolution
		HideSolutionNode = FALSE
	EndGlobalSection
	GlobalSection(ProjectConfigurationPlatforms) = postSolution
		{866FCB1C-BA11-4538-BC66-523CA474EB3E}.Debug|Any CPU.ActiveCfg = Debug|Any CPU
		{866FCB1C-BA11-4538-BC66-523CA474EB3E}.Debug|Any CPU.Build.0 = Debug|Any CPU
		{866FCB1C-BA11-4538-BC66-523CA474EB3E}.Release|Any CPU.ActiveCfg = Release|Any CPU
		{866FCB1C-BA11-4538-BC66-523CA474EB3E}.Release|Any CPU.Build.0 = Release|Any CPU
		{41A6ABDF-F2BC-4837-8B65-0354C2E8FAA9}.Debug|Any CPU.ActiveCfg = Debug|Any CPU
		{41A6ABDF-F2BC-4837-8B65-0354C2E8FAA9}.Debug|Any CPU.Build.0 = Debug|Any CPU
		{41A6ABDF-F2BC-4837-8B65-0354C2E8FAA9}.Release|Any CPU.ActiveCfg = Release|Any CPU
		{41A6ABDF-F2BC-4837-8B65-0354C2E8FAA9}.Release|Any CPU.Build.0 = Release|Any CPU
		{2166446F-6A85-4E07-BD66-7FD8045D095F}.Debug|Any CPU.ActiveCfg = Debug|Any CPU
		{2166446F-6A85-4E07-BD66-7FD8045D095F}.Debug|Any CPU.Build.0 = Debug|Any CPU
		{2166446F-6A85-4E07-BD66-7FD8045D095F}.Release|Any CPU.ActiveCfg = Release|Any CPU
		{2166446F-6A85-4E07-BD66-7FD8045D095F}.Release|Any CPU.Build.0 = Release|Any CPU
		{6D8B7B55-019B-495C-832C-5E41B96C09D4}.Debug|Any CPU.ActiveCfg = Debug|Any CPU
		{6D8B7B55-019B-495C-832C-5E41B96C09D4}.Debug|Any CPU.Build.0 = Debug|Any CPU
		{6D8B7B55-019B-495C-832C-5E41B96C09D4}.Release|Any CPU.ActiveCfg = Release|Any CPU
		{6D8B7B55-019B-495C-832C-5E41B96C09D4}.Release|Any CPU.Build.0 = Release|Any CPU
		{84687DB4-F6A6-465F-94E5-874B3FA65613}.Debug|Any CPU.ActiveCfg = Debug|Any CPU
		{84687DB4-F6A6-465F-94E5-874B3FA65613}.Debug|Any CPU.Build.0 = Debug|Any CPU
		{84687DB4-F6A6-465F-94E5-874B3FA65613}.Release|Any CPU.ActiveCfg = Release|Any CPU
		{84687DB4-F6A6-465F-94E5-874B3FA65613}.Release|Any CPU.Build.0 = Release|Any CPU
		{8CD5BFD4-9599-4966-AA38-14626B96A249}.Debug|Any CPU.ActiveCfg = Debug|Any CPU
		{8CD5BFD4-9599-4966-AA38-14626B96A249}.Debug|Any CPU.Build.0 = Debug|Any CPU
		{8CD5BFD4-9599-4966-AA38-14626B96A249}.Release|Any CPU.ActiveCfg = Release|Any CPU
		{8CD5BFD4-9599-4966-AA38-14626B96A249}.Release|Any CPU.Build.0 = Release|Any CPU
		{CD706928-5AB6-40CB-A88A-DB6A0DC8600F}.Debug|Any CPU.ActiveCfg = Debug|Any CPU
		{CD706928-5AB6-40CB-A88A-DB6A0DC8600F}.Debug|Any CPU.Build.0 = Debug|Any CPU
		{CD706928-5AB6-40CB-A88A-DB6A0DC8600F}.Release|Any CPU.ActiveCfg = Release|Any CPU
		{CD706928-5AB6-40CB-A88A-DB6A0DC8600F}.Release|Any CPU.Build.0 = Release|Any CPU
	EndGlobalSection
	GlobalSection(NestedProjects) = preSolution
		{866FCB1C-BA11-4538-BC66-523CA474EB3E} = {C235E04F-5DA6-471E-AA9D-A3395992DCB8}
		{41A6ABDF-F2BC-4837-8B65-0354C2E8FAA9} = {C235E04F-5DA6-471E-AA9D-A3395992DCB8}
		{2166446F-6A85-4E07-BD66-7FD8045D095F} = {C235E04F-5DA6-471E-AA9D-A3395992DCB8}
		{6D8B7B55-019B-495C-832C-5E41B96C09D4} = {C235E04F-5DA6-471E-AA9D-A3395992DCB8}
		{84687DB4-F6A6-465F-94E5-874B3FA65613} = {C235E04F-5DA6-471E-AA9D-A3395992DCB8}
		{8CD5BFD4-9599-4966-AA38-14626B96A249} = {C235E04F-5DA6-471E-AA9D-A3395992DCB8}
		{CD706928-5AB6-40CB-A88A-DB6A0DC8600F} = {C235E04F-5DA6-471E-AA9D-A3395992DCB8}
	EndGlobalSection
EndGlobal
